PackratFormat: 1.4
PackratVersion: 0.4.9.1
RVersion: 3.4.4
Repos: CRAN=https://cran.rstudio.com/,
    CRANextra=http://www.stats.ox.ac.uk/pub/RWin

Package: BH
Source: CRAN
Version: 1.66.0-1

Package: DBI
Source: CRAN
Version: 0.8

Package: DT
Source: CRAN
Version: 0.4
Requires: htmltools, magrittr, crosstalk, htmlwidgets

Package: Formula
Source: CRAN
Version: 1.2-2

Package: ISOcodes
Source: CRAN
Version: 2017.09.27

Package: MLmetrics
Source: CRAN
Version: 1.1.1
Requires: ROCR

Package: MatrixModels
Source: CRAN
Version: 0.4-1

Package: Metrics
Source: CRAN
Version: 0.1.3

Package: R6
Source: CRAN
Version: 2.2.2
Hash: b2366cd9d2f3851a5704b4e192b985c2

Package: RANN
Source: CRAN
Version: 2.5.1

Package: RColorBrewer
Source: CRAN
Version: 1.1-2

Package: ROCR
Source: CRAN
Version: 1.0-7
Requires: gplots

Package: RSpectra
Source: CRAN
Version: 0.12-0
Requires: Rcpp, RcppEigen

Package: Rcpp
Source: CRAN
Version: 0.12.16
Hash: 8cc9dc88c11acdcf8a6dec4a0f1500bc

Package: RcppArmadillo
Source: CRAN
Version: 0.8.400.0.0
Requires: Rcpp

Package: RcppEigen
Source: CRAN
Version: 0.3.3.4.0
Requires: Rcpp

Package: RcppParallel
Source: CRAN
Version: 4.4.0
Requires: BH

Package: RgoogleMaps
Source: CRAN
Version: 1.4.1
Requires: png

Package: Rttf2pt1
Source: CRAN
Version: 1.3.6

Package: SnowballC
Source: CRAN
Version: 0.5.1

Package: SparseM
Source: CRAN
Version: 1.77

Package: TH.data
Source: CRAN
Version: 1.0-8

Package: XML
Source: CRAN
Version: 3.98-1.10

Package: assertthat
Source: CRAN
Version: 0.2.0
Hash: e8805df54c65ac96d50235c44a82615c

Package: backports
Source: CRAN
Version: 1.1.2
Hash: 5ae7b3466e529e4400951ca18c137e40

Package: base64enc
Source: CRAN
Version: 0.1-3
Hash: c590d29e555926af053055e23ee79efb

Package: bindr
Source: CRAN
Version: 0.1.1

Package: bindrcpp
Source: CRAN
Version: 0.2
Requires: Rcpp, bindr, plogr

Package: bitops
Source: CRAN
Version: 1.0-6

Package: broom
Source: CRAN
Version: 0.4.3
Requires: stringr, dplyr, plyr, psych, reshape2, tidyr

Package: caTools
Source: CRAN
Version: 1.17.1
Requires: bitops

Package: callr
Source: CRAN
Version: 2.0.2
Requires: R6, assertthat, crayon, testthat, debugme

Package: car
Source: CRAN
Version: 2.1-6
Requires: pbkrtest, quantreg

Package: cellranger
Source: CRAN
Version: 1.1.0
Requires: rematch, tibble

Package: classInt
Source: CRAN
Version: 0.1-24
Requires: e1071

Package: cli
Source: CRAN
Version: 1.0.0
Requires: assertthat, crayon
Hash: f4239f89feb7ddc65821e4514e9734ae

Package: coin
Source: CRAN
Version: 1.2-2
Requires: modeltools, multcomp, mvtnorm

Package: colorspace
Source: CRAN
Version: 1.3-2

Package: cowplot
Source: CRAN
Version: 0.9.2
Requires: ggplot2, gtable, plyr, scales

Package: crayon
Source: CRAN
Version: 1.3.4
Hash: ff2840dd9b0d563fc80377a5a45510cd

Package: crosstalk
Source: CRAN
Version: 1.0.0
Requires: R6, htmltools, jsonlite, ggplot2, lazyeval, shiny

Package: curl
Source: CRAN
Version: 3.1
Hash: 877149b42d479b93ab15d5cef46c0f1b

Package: data.table
Source: CRAN
Version: 1.10.4-3

Package: date
Source: CRAN
Version: 1.2-38

Package: dbplyr
Source: CRAN
Version: 1.2.1
Requires: R6, assertthat, glue, rlang, DBI, dplyr, purrr, tibble,
    tidyselect

Package: debugme
Source: CRAN
Version: 1.1.0
Requires: crayon

Package: devtools
Source: CRAN
Version: 1.13.5
Requires: digest, git2r, httr, jsonlite, memoise, rstudioapi, whisker,
    withr
Hash: 80061b2ad6853fd3665bf883123a1b1a

Package: dichromat
Source: CRAN
Version: 2.0-0

Package: digest
Source: CRAN
Version: 0.6.15
Hash: 1f202ebd812ac7192be3739245746a13

Package: dissUtils
Source: CRAN
Version: 1.0

Package: doParallel
Source: CRAN
Version: 1.0.11
Requires: foreach, iterators

Package: dplyr
Source: CRAN
Version: 0.7.4
Requires: R6, Rcpp, assertthat, glue, magrittr, rlang, BH, bindrcpp,
    pkgconfig, plogr, tibble

Package: dummies
Source: CRAN
Version: 1.5.6

Package: e1071
Source: CRAN
Version: 1.6-8

Package: evaluate
Source: CRAN
Version: 0.10.1
Requires: stringr
Hash: 54d95f4ec6d0300100413ed0127d89ae

Package: extrafont
Source: CRAN
Version: 0.17
Requires: Rttf2pt1, extrafontdb

Package: extrafontdb
Source: CRAN
Version: 1.0

Package: fastmatch
Source: CRAN
Version: 1.1-0

Package: forcats
Source: CRAN
Version: 0.3.0
Requires: magrittr, rlang, tibble

Package: foreach
Source: CRAN
Version: 1.4.4
Requires: iterators

Package: fst
Source: CRAN
Version: 0.8.4
Requires: Rcpp

Package: gdata
Source: CRAN
Version: 2.18.0
Requires: gtools

Package: geosphere
Source: CRAN
Version: 1.5-7
Requires: sp

Package: ggdendro
Source: CRAN
Version: 0.1-20
Requires: ggplot2

Package: ggformula
Source: CRAN
Version: 0.6.2
Requires: magrittr, rlang, stringr, ggplot2, mosaicCore, tibble

Package: ggjoy
Source: CRAN
Version: 0.4.0
Requires: ggplot2, ggridges

Package: ggmap
Source: CRAN
Version: 2.6.1
Requires: digest, RgoogleMaps, geosphere, ggplot2, jpeg, mapproj, plyr,
    png, proto, reshape2, rjson, scales

Package: ggplot2
Source: CRAN
Version: 2.2.1
Requires: digest, gtable, lazyeval, plyr, reshape2, scales, tibble

Package: ggrepel
Source: CRAN
Version: 0.7.0
Requires: Rcpp, ggplot2, scales

Package: ggridges
Source: CRAN
Version: 0.4.1
Requires: ggplot2, plyr, scales

Package: git2r
Source: CRAN
Version: 0.21.0
Hash: 64747922e287be74e8e8b46c107fd3ef

Package: glue
Source: CRAN
Version: 1.2.0
Hash: 381e42baedecc633c0e547a0c7ca9de7

Package: gplots
Source: CRAN
Version: 3.0.1
Requires: caTools, gdata, gtools

Package: gridExtra
Source: CRAN
Version: 2.3
Requires: gtable

Package: gtable
Source: CRAN
Version: 0.2.0

Package: gtools
Source: CRAN
Version: 3.5.0

Package: haven
Source: CRAN
Version: 1.1.1
Requires: Rcpp, forcats, hms, readr, tibble

Package: here
Source: CRAN
Version: 0.1
Requires: rprojroot

Package: highr
Source: CRAN
Version: 0.6
Hash: aa3d5b7912b5fed4b546ed5cd2a1760b

Package: hms
Source: CRAN
Version: 0.4.2
Requires: rlang, pkgconfig

Package: htmltools
Source: CRAN
Version: 0.3.6
Requires: Rcpp, digest
Hash: 358f767a496785afb8426c3abc8b6471

Package: htmlwidgets
Source: CRAN
Version: 1.0
Requires: htmltools, jsonlite, yaml

Package: httpuv
Source: CRAN
Version: 1.3.6.2
Requires: Rcpp

Package: httr
Source: CRAN
Version: 1.3.1
Requires: R6, curl, jsonlite, mime, openssl
Hash: 2d32e01e53d532c812052e27a1021441

Package: inum
Source: CRAN
Version: 1.0-0
Requires: libcoin

Package: iterators
Source: CRAN
Version: 1.0.9

Package: janitor
Source: CRAN
Version: 0.3.1
Requires: magrittr, dplyr, tidyr

Package: jpeg
Source: CRAN
Version: 0.1-8

Package: jsonlite
Source: CRAN
Version: 1.5
Hash: 9c51936d8dd00b2f1d4fe9d10499694c

Package: knitr
Source: CRAN
Version: 1.20
Requires: evaluate, highr, markdown, stringr, yaml
Hash: 9c6b215d1d02b97586c8232e94533e6a

Package: labeling
Source: CRAN
Version: 0.3

Package: latticeExtra
Source: CRAN
Version: 0.6-28
Requires: RColorBrewer

Package: lazyeval
Source: CRAN
Version: 0.2.1

Package: libcoin
Source: CRAN
Version: 1.0-1
Requires: mvtnorm

Package: lme4
Source: CRAN
Version: 1.1-15
Requires: Rcpp, RcppEigen, minqa, nloptr

Package: lubridate
Source: CRAN
Version: 1.7.3
Requires: Rcpp, stringr

Package: magrittr
Source: CRAN
Version: 1.5
Hash: bdc4d48c3135e8f3b399536ddf160df4

Package: mapproj
Source: CRAN
Version: 1.2-5
Requires: maps

Package: maps
Source: CRAN
Version: 3.2.0

Package: markdown
Source: CRAN
Version: 0.8
Requires: mime
Hash: 045d7c594d503b41f1c28946d076c8aa

Package: memoise
Source: CRAN
Version: 1.1.0
Requires: digest
Hash: 410fcd334bc626db100237cc1370f2e9

Package: mime
Source: CRAN
Version: 0.5
Hash: 463550cf44fb6f0a2359368f42eebe62

Package: minqa
Source: CRAN
Version: 1.2.4
Requires: Rcpp

Package: mnormt
Source: CRAN
Version: 1.5-5

Package: modelr
Source: CRAN
Version: 0.1.1
Requires: magrittr, broom, dplyr, lazyeval, purrr, tibble, tidyr

Package: modeltools
Source: CRAN
Version: 0.2-21

Package: mosaic
Source: CRAN
Version: 1.1.1
Requires: glue, broom, dplyr, ggdendro, ggformula, ggplot2, gridExtra,
    latticeExtra, lazyeval, mosaicCore, mosaicData, readr, tidyr

Package: mosaicCore
Source: CRAN
Version: 0.4.2
Requires: rlang, dplyr, lazyeval, tidyr

Package: mosaicData
Source: CRAN
Version: 0.16.0

Package: multcomp
Source: CRAN
Version: 1.4-8
Requires: TH.data, mvtnorm, sandwich

Package: munsell
Source: CRAN
Version: 0.4.3
Requires: colorspace

Package: mvtnorm
Source: CRAN
Version: 1.0-7

Package: network
Source: CRAN
Version: 1.13.0

Package: nloptr
Source: CRAN
Version: 1.0.4

Package: openssl
Source: CRAN
Version: 1.0.1
Hash: e04b8ed7b05c1f75aa81c65a086b1d0c

Package: packrat
Source: CRAN
Version: 0.4.9-1
Hash: e95f4c0ccf3ac830a0a480888c1c965f

Package: pacman
Source: CRAN
Version: 0.4.6
Requires: devtools

Package: party
Source: CRAN
Version: 1.2-4
Requires: coin, modeltools, mvtnorm, sandwich, strucchange, zoo

Package: partykit
Source: CRAN
Version: 1.2-0
Requires: Formula, inum, libcoin, mvtnorm

Package: pbkrtest
Source: CRAN
Version: 0.4-7
Requires: lme4

Package: pillar
Source: CRAN
Version: 1.2.1
Requires: cli, crayon, rlang, utf8

Package: pkgconfig
Source: CRAN
Version: 2.0.1

Package: plogr
Source: CRAN
Version: 0.1-1

Package: plyr
Source: CRAN
Version: 1.8.4
Requires: Rcpp

Package: png
Source: CRAN
Version: 0.1-7

Package: praise
Source: CRAN
Version: 1.0.0
Hash: 77da8f1df873a4b91e5c4a68fe2fb1b6

Package: precrec
Source: CRAN
Version: 0.9.1
Requires: Rcpp, assertthat, data.table, ggplot2, gridExtra

Package: proto
Source: CRAN
Version: 1.0.0

Package: proxy
Source: CRAN
Version: 0.4-21

Package: psych
Source: CRAN
Version: 1.7.8
Requires: mnormt

Package: purrr
Source: CRAN
Version: 0.2.4
Requires: magrittr, rlang, tibble

Package: quanteda
Source: CRAN
Version: 1.1.1
Requires: Rcpp, magrittr, stringi, yaml, RSpectra, RcppArmadillo,
    RcppParallel, SnowballC, XML, data.table, extrafont, fastmatch,
    ggplot2, ggrepel, lubridate, network, sna, spacyr, stopwords

Package: quantreg
Source: CRAN
Version: 5.35
Requires: MatrixModels, SparseM

Package: re2r
Source: CRAN
Version: 0.2.0
Requires: Rcpp, stringi, RcppParallel, htmlwidgets

Package: readr
Source: CRAN
Version: 1.1.1
Requires: R6, Rcpp, BH, hms, tibble

Package: readxl
Source: CRAN
Version: 1.0.0
Requires: Rcpp, cellranger, tibble

Package: rematch
Source: CRAN
Version: 1.0.1

Package: reprex
Source: CRAN
Version: 0.1.2
Requires: knitr, rmarkdown, whisker, callr

Package: reshape2
Source: CRAN
Version: 1.4.3
Requires: Rcpp, stringr, plyr

Package: reticulate
Source: CRAN
Version: 1.5
Requires: Rcpp, jsonlite

Package: rgdal
Source: CRAN
Version: 1.2-18
Requires: sp

Package: rjson
Source: CRAN
Version: 0.2.15

Package: rlang
Source: CRAN
Version: 0.2.0
Hash: 647e2e50a72557d1a770dcd6701e562b

Package: rmarkdown
Source: CRAN
Version: 1.9
Requires: base64enc, evaluate, htmltools, jsonlite, knitr, mime,
    rprojroot, stringr, yaml
Hash: ab7f84e6f41ed8d8e8b9a2031cf631f8

Package: rprojroot
Source: CRAN
Version: 1.3-2
Requires: backports
Hash: a25c3f70c166fb3fbabc410eb32b6366

Package: rstudioapi
Source: CRAN
Version: 0.7
Hash: e2ebaff8160aff3e6b32e6e78a693c2d

Package: rvest
Source: CRAN
Version: 0.3.2
Requires: httr, magrittr, selectr, xml2

Package: sandwich
Source: CRAN
Version: 2.4-0
Requires: zoo

Package: scales
Source: CRAN
Version: 0.5.0
Requires: R6, Rcpp, RColorBrewer, dichromat, labeling, munsell, plyr,
    viridisLite

Package: selectr
Source: CRAN
Version: 0.3-2
Requires: stringr

Package: sf
Source: CRAN
Version: 0.6-0
Requires: Rcpp, magrittr, DBI, classInt, pillar, units

Package: shiny
Source: CRAN
Version: 1.0.5
Requires: R6, digest, htmltools, jsonlite, mime, httpuv, sourcetools,
    xtable

Package: sna
Source: CRAN
Version: 2.4
Requires: network, statnet.common

Package: sourcetools
Source: CRAN
Version: 0.1.6

Package: sp
Source: CRAN
Version: 1.2-7

Package: spacyr
Source: CRAN
Version: 0.9.6
Requires: data.table, reticulate

Package: statnet.common
Source: CRAN
Version: 4.0.0

Package: stopwords
Source: CRAN
Version: 0.9.0
Requires: ISOcodes

Package: stringi
Source: CRAN
Version: 1.1.7
Hash: d3dbb18da9a7b73a5b59416e33ad2cbd

Package: stringr
Source: CRAN
Version: 1.3.0
Requires: glue, magrittr, stringi
Hash: b2801fdc391caef2335dbdb1064836bb

Package: strucchange
Source: CRAN
Version: 1.5-1
Requires: sandwich, zoo

Package: testthat
Source: CRAN
Version: 2.0.0
Requires: R6, cli, crayon, digest, magrittr, praise, rlang, withr
Hash: 537114b476376c5773bf3c557f5bbd19

Package: tibble
Source: CRAN
Version: 1.4.2
Requires: cli, crayon, rlang, pillar

Package: tidyr
Source: CRAN
Version: 0.8.0
Requires: Rcpp, glue, magrittr, rlang, stringi, dplyr, purrr, tibble,
    tidyselect

Package: tidyselect
Source: CRAN
Version: 0.2.4
Requires: Rcpp, glue, rlang, purrr

Package: tidyverse
Source: CRAN
Version: 1.2.1
Requires: cli, crayon, httr, jsonlite, magrittr, rlang, rstudioapi,
    stringr, broom, dbplyr, dplyr, forcats, ggplot2, haven, hms,
    lubridate, modelr, purrr, readr, readxl, reprex, rvest, tibble,
    tidyr, xml2

Package: udunits2
Source: CRAN
Version: 0.13

Package: units
Source: CRAN
Version: 0.5-1
Requires: udunits2

Package: utf8
Source: CRAN
Version: 1.1.3

Package: viridisLite
Source: CRAN
Version: 0.3.0

Package: whisker
Source: CRAN
Version: 0.3-2
Hash: 803d662762e532705c2c066a82d066e7

Package: withr
Source: CRAN
Version: 2.1.2
Hash: d534108bcd5f34ec73e9eb523751ba20

Package: xgboost
Source: CRAN
Version: 0.6.4.1
Requires: magrittr, stringi, data.table

Package: xml2
Source: CRAN
Version: 1.2.0
Requires: Rcpp

Package: xtable
Source: CRAN
Version: 1.8-2

Package: yaml
Source: CRAN
Version: 2.1.18
Hash: 28c7e28c239d7a1d1bd579390bab89bd

Package: zoo
Source: CRAN
Version: 1.8-1
